// !$*UTF8*$!
{
	archiveVersion = 1;
	classes = {
	};
	objectVersion = 50;
	objects = {

/* Begin PBXBuildFile section */
		F76335D92230DBDD007EABD2 /* AppDelegate.swift in Sources */ = {isa = PBXBuildFile; fileRef = F76335D82230DBDD007EABD2 /* AppDelegate.swift */; };
		F76335DB2230DBDD007EABD2 /* ViewController.swift in Sources */ = {isa = PBXBuildFile; fileRef = F76335DA2230DBDD007EABD2 /* ViewController.swift */; };
		F76335DE2230DBDD007EABD2 /* Main.storyboard in Resources */ = {isa = PBXBuildFile; fileRef = F76335DC2230DBDD007EABD2 /* Main.storyboard */; };
		F76335E02230DBDE007EABD2 /* Assets.xcassets in Resources */ = {isa = PBXBuildFile; fileRef = F76335DF2230DBDE007EABD2 /* Assets.xcassets */; };
		F76335E32230DBDE007EABD2 /* LaunchScreen.storyboard in Resources */ = {isa = PBXBuildFile; fileRef = F76335E12230DBDE007EABD2 /* LaunchScreen.storyboard */; };
		F76336062230DC1C007EABD2 /* TransitionManger.swift in Sources */ = {isa = PBXBuildFile; fileRef = F76335ED2230DC1C007EABD2 /* TransitionManger.swift */; };
		F76336072230DC1C007EABD2 /* PopBaseViewController.swift in Sources */ = {isa = PBXBuildFile; fileRef = F76335EE2230DC1C007EABD2 /* PopBaseViewController.swift */; };
		F76336082230DC1C007EABD2 /* CurrentModelContontroller.swift in Sources */ = {isa = PBXBuildFile; fileRef = F76335EF2230DC1C007EABD2 /* CurrentModelContontroller.swift */; };
		F76336092230DC1C007EABD2 /* BaseController.swift in Sources */ = {isa = PBXBuildFile; fileRef = F76335F02230DC1C007EABD2 /* BaseController.swift */; };
		F763360A2230DC1C007EABD2 /* JHSBaseViewController.swift in Sources */ = {isa = PBXBuildFile; fileRef = F76335F12230DC1C007EABD2 /* JHSBaseViewController.swift */; };
		F763360B2230DC1C007EABD2 /* RequestOperation.swift in Sources */ = {isa = PBXBuildFile; fileRef = F76335F32230DC1C007EABD2 /* RequestOperation.swift */; };
		F763360C2230DC1C007EABD2 /* ReadFileManager.swift in Sources */ = {isa = PBXBuildFile; fileRef = F76335F42230DC1C007EABD2 /* ReadFileManager.swift */; };
		F763360D2230DC1C007EABD2 /* RequestConfig.swift in Sources */ = {isa = PBXBuildFile; fileRef = F76335F52230DC1C007EABD2 /* RequestConfig.swift */; };
		F763360E2230DC1C007EABD2 /* RelationFileKey.swift in Sources */ = {isa = PBXBuildFile; fileRef = F76335F62230DC1C007EABD2 /* RelationFileKey.swift */; };
		F763360F2230DC1C007EABD2 /* HttpParamterModel.swift in Sources */ = {isa = PBXBuildFile; fileRef = F76335F72230DC1C007EABD2 /* HttpParamterModel.swift */; };
		F76336102230DC1C007EABD2 /* BaseModel.swift in Sources */ = {isa = PBXBuildFile; fileRef = F76335F92230DC1C007EABD2 /* BaseModel.swift */; };
		F76336112230DC1C007EABD2 /* FMBaseCollectionView.swift in Sources */ = {isa = PBXBuildFile; fileRef = F76335FB2230DC1C007EABD2 /* FMBaseCollectionView.swift */; };
		F76336122230DC1C007EABD2 /* FMScrollView.swift in Sources */ = {isa = PBXBuildFile; fileRef = F76335FC2230DC1C007EABD2 /* FMScrollView.swift */; };
		F76336132230DC1C007EABD2 /* BlurModelView.swift in Sources */ = {isa = PBXBuildFile; fileRef = F76335FD2230DC1C007EABD2 /* BlurModelView.swift */; };
		F76336142230DC1C007EABD2 /* FMBaseTableView.swift in Sources */ = {isa = PBXBuildFile; fileRef = F76335FE2230DC1C007EABD2 /* FMBaseTableView.swift */; };
		F76336152230DC1C007EABD2 /* DefineSwiftFunc.swift in Sources */ = {isa = PBXBuildFile; fileRef = F76336002230DC1C007EABD2 /* DefineSwiftFunc.swift */; };
		F76336162230DC1C007EABD2 /* ExtensionView.swift in Sources */ = {isa = PBXBuildFile; fileRef = F76336012230DC1C007EABD2 /* ExtensionView.swift */; };
		F76336172230DC1C007EABD2 /* AppDelegateExtenstion.swift in Sources */ = {isa = PBXBuildFile; fileRef = F76336022230DC1C007EABD2 /* AppDelegateExtenstion.swift */; };
		F76336182230DC1C007EABD2 /* AppExtenConfig.swift in Sources */ = {isa = PBXBuildFile; fileRef = F76336032230DC1C007EABD2 /* AppExtenConfig.swift */; };
		F76336192230DC1C007EABD2 /* DataBaseManager.swift in Sources */ = {isa = PBXBuildFile; fileRef = F76336052230DC1C007EABD2 /* DataBaseManager.swift */; };
		F763361C2230F12F007EABD2 /* PersonList.plist in Resources */ = {isa = PBXBuildFile; fileRef = F763361B2230F12F007EABD2 /* PersonList.plist */; };
		F763361E2230F34C007EABD2 /* Person.plist in Resources */ = {isa = PBXBuildFile; fileRef = F763361D2230F34C007EABD2 /* Person.plist */; };
		F76336202230F9C5007EABD2 /* AddPersonViewController.swift in Sources */ = {isa = PBXBuildFile; fileRef = F763361F2230F9C5007EABD2 /* AddPersonViewController.swift */; };
/* End PBXBuildFile section */

/* Begin PBXFileReference section */
		F76335D52230DBDD007EABD2 /* TableEdit.app */ = {isa = PBXFileReference; explicitFileType = wrapper.application; includeInIndex = 0; path = TableEdit.app; sourceTree = BUILT_PRODUCTS_DIR; };
		F76335D82230DBDD007EABD2 /* AppDelegate.swift */ = {isa = PBXFileReference; lastKnownFileType = sourcecode.swift; path = AppDelegate.swift; sourceTree = "<group>"; };
		F76335DA2230DBDD007EABD2 /* ViewController.swift */ = {isa = PBXFileReference; lastKnownFileType = sourcecode.swift; path = ViewController.swift; sourceTree = "<group>"; };
		F76335DD2230DBDD007EABD2 /* Base */ = {isa = PBXFileReference; lastKnownFileType = file.storyboard; name = Base; path = Base.lproj/Main.storyboard; sourceTree = "<group>"; };
		F76335DF2230DBDE007EABD2 /* Assets.xcassets */ = {isa = PBXFileReference; lastKnownFileType = folder.assetcatalog; path = Assets.xcassets; sourceTree = "<group>"; };
		F76335E22230DBDE007EABD2 /* Base */ = {isa = PBXFileReference; lastKnownFileType = file.storyboard; name = Base; path = Base.lproj/LaunchScreen.storyboard; sourceTree = "<group>"; };
		F76335E42230DBDE007EABD2 /* Info.plist */ = {isa = PBXFileReference; lastKnownFileType = text.plist.xml; path = Info.plist; sourceTree = "<group>"; };
		F76335ED2230DC1C007EABD2 /* TransitionManger.swift */ = {isa = PBXFileReference; fileEncoding = 4; lastKnownFileType = sourcecode.swift; path = TransitionManger.swift; sourceTree = "<group>"; };
		F76335EE2230DC1C007EABD2 /* PopBaseViewController.swift */ = {isa = PBXFileReference; fileEncoding = 4; lastKnownFileType = sourcecode.swift; path = PopBaseViewController.swift; sourceTree = "<group>"; };
		F76335EF2230DC1C007EABD2 /* CurrentModelContontroller.swift */ = {isa = PBXFileReference; fileEncoding = 4; lastKnownFileType = sourcecode.swift; path = CurrentModelContontroller.swift; sourceTree = "<group>"; };
		F76335F02230DC1C007EABD2 /* BaseController.swift */ = {isa = PBXFileReference; fileEncoding = 4; lastKnownFileType = sourcecode.swift; path = BaseController.swift; sourceTree = "<group>"; };
		F76335F12230DC1C007EABD2 /* JHSBaseViewController.swift */ = {isa = PBXFileReference; fileEncoding = 4; lastKnownFileType = sourcecode.swift; path = JHSBaseViewController.swift; sourceTree = "<group>"; };
		F76335F32230DC1C007EABD2 /* RequestOperation.swift */ = {isa = PBXFileReference; fileEncoding = 4; lastKnownFileType = sourcecode.swift; path = RequestOperation.swift; sourceTree = "<group>"; };
		F76335F42230DC1C007EABD2 /* ReadFileManager.swift */ = {isa = PBXFileReference; fileEncoding = 4; lastKnownFileType = sourcecode.swift; path = ReadFileManager.swift; sourceTree = "<group>"; };
		F76335F52230DC1C007EABD2 /* RequestConfig.swift */ = {isa = PBXFileReference; fileEncoding = 4; lastKnownFileType = sourcecode.swift; path = RequestConfig.swift; sourceTree = "<group>"; };
		F76335F62230DC1C007EABD2 /* RelationFileKey.swift */ = {isa = PBXFileReference; fileEncoding = 4; lastKnownFileType = sourcecode.swift; path = RelationFileKey.swift; sourceTree = "<group>"; };
		F76335F72230DC1C007EABD2 /* HttpParamterModel.swift */ = {isa = PBXFileReference; fileEncoding = 4; lastKnownFileType = sourcecode.swift; path = HttpParamterModel.swift; sourceTree = "<group>"; };
		F76335F92230DC1C007EABD2 /* BaseModel.swift */ = {isa = PBXFileReference; fileEncoding = 4; lastKnownFileType = sourcecode.swift; path = BaseModel.swift; sourceTree = "<group>"; };
		F76335FB2230DC1C007EABD2 /* FMBaseCollectionView.swift */ = {isa = PBXFileReference; fileEncoding = 4; lastKnownFileType = sourcecode.swift; path = FMBaseCollectionView.swift; sourceTree = "<group>"; };
		F76335FC2230DC1C007EABD2 /* FMScrollView.swift */ = {isa = PBXFileReference; fileEncoding = 4; lastKnownFileType = sourcecode.swift; path = FMScrollView.swift; sourceTree = "<group>"; };
		F76335FD2230DC1C007EABD2 /* BlurModelView.swift */ = {isa = PBXFileReference; fileEncoding = 4; lastKnownFileType = sourcecode.swift; path = BlurModelView.swift; sourceTree = "<group>"; };
		F76335FE2230DC1C007EABD2 /* FMBaseTableView.swift */ = {isa = PBXFileReference; fileEncoding = 4; lastKnownFileType = sourcecode.swift; path = FMBaseTableView.swift; sourceTree = "<group>"; };
		F76336002230DC1C007EABD2 /* DefineSwiftFunc.swift */ = {isa = PBXFileReference; fileEncoding = 4; lastKnownFileType = sourcecode.swift; path = DefineSwiftFunc.swift; sourceTree = "<group>"; };
		F76336012230DC1C007EABD2 /* ExtensionView.swift */ = {isa = PBXFileReference; fileEncoding = 4; lastKnownFileType = sourcecode.swift; path = ExtensionView.swift; sourceTree = "<group>"; };
		F76336022230DC1C007EABD2 /* AppDelegateExtenstion.swift */ = {isa = PBXFileReference; fileEncoding = 4; lastKnownFileType = sourcecode.swift; path = AppDelegateExtenstion.swift; sourceTree = "<group>"; };
		F76336032230DC1C007EABD2 /* AppExtenConfig.swift */ = {isa = PBXFileReference; fileEncoding = 4; lastKnownFileType = sourcecode.swift; path = AppExtenConfig.swift; sourceTree = "<group>"; };
		F76336052230DC1C007EABD2 /* DataBaseManager.swift */ = {isa = PBXFileReference; fileEncoding = 4; lastKnownFileType = sourcecode.swift; path = DataBaseManager.swift; sourceTree = "<group>"; };
		F763361A2230DC70007EABD2 /* Swift-Header.h */ = {isa = PBXFileReference; lastKnownFileType = sourcecode.c.h; path = "Swift-Header.h"; sourceTree = "<group>"; };
		F763361B2230F12F007EABD2 /* PersonList.plist */ = {isa = PBXFileReference; lastKnownFileType = text.plist.xml; path = PersonList.plist; sourceTree = "<group>"; };
		F763361D2230F34C007EABD2 /* Person.plist */ = {isa = PBXFileReference; lastKnownFileType = text.plist.xml; path = Person.plist; sourceTree = "<group>"; };
		F763361F2230F9C5007EABD2 /* AddPersonViewController.swift */ = {isa = PBXFileReference; fileEncoding = 4; lastKnownFileType = sourcecode.swift; path = AddPersonViewController.swift; sourceTree = "<group>"; };
/* End PBXFileReference section */

/* Begin PBXFrameworksBuildPhase section */
		F76335D22230DBDD007EABD2 /* Frameworks */ = {
			isa = PBXFrameworksBuildPhase;
			buildActionMask = 2147483647;
			files = (
			);
			runOnlyForDeploymentPostprocessing = 0;
		};
/* End PBXFrameworksBuildPhase section */

/* Begin PBXGroup section */
		F76335CC2230DBDD007EABD2 = {
			isa = PBXGroup;
			children = (
				F76335D72230DBDD007EABD2 /* TableEdit */,
				F76335D62230DBDD007EABD2 /* Products */,
			);
			sourceTree = "<group>";
		};
		F76335D62230DBDD007EABD2 /* Products */ = {
			isa = PBXGroup;
			children = (
				F76335D52230DBDD007EABD2 /* TableEdit.app */,
			);
			name = Products;
			sourceTree = "<group>";
		};
		F76335D72230DBDD007EABD2 /* TableEdit */ = {
			isa = PBXGroup;
			children = (
				F76335EA2230DC1C007EABD2 /* frameTask */,
				F76335D82230DBDD007EABD2 /* AppDelegate.swift */,
				F763361F2230F9C5007EABD2 /* AddPersonViewController.swift */,
				F76335DA2230DBDD007EABD2 /* ViewController.swift */,
				F763361A2230DC70007EABD2 /* Swift-Header.h */,
				F76335DC2230DBDD007EABD2 /* Main.storyboard */,
				F76335DF2230DBDE007EABD2 /* Assets.xcassets */,
				F76335E12230DBDE007EABD2 /* LaunchScreen.storyboard */,
				F76335E42230DBDE007EABD2 /* Info.plist */,
			);
			path = TableEdit;
			sourceTree = "<group>";
		};
		F76335EA2230DC1C007EABD2 /* frameTask */ = {
			isa = PBXGroup;
			children = (
				F76335EB2230DC1C007EABD2 /* controller */,
				F76335F22230DC1C007EABD2 /* http */,
				F76335F82230DC1C007EABD2 /* model */,
				F76335FA2230DC1C007EABD2 /* view */,
				F76335FF2230DC1C007EABD2 /* extenstion */,
				F76336042230DC1C007EABD2 /* caches */,
			);
			path = frameTask;
			sourceTree = "<group>";
		};
		F76335EB2230DC1C007EABD2 /* controller */ = {
			isa = PBXGroup;
			children = (
				F76335EC2230DC1C007EABD2 /* pop */,
				F76335F02230DC1C007EABD2 /* BaseController.swift */,
				F76335F12230DC1C007EABD2 /* JHSBaseViewController.swift */,
			);
			path = controller;
			sourceTree = "<group>";
		};
		F76335EC2230DC1C007EABD2 /* pop */ = {
			isa = PBXGroup;
			children = (
				F76335ED2230DC1C007EABD2 /* TransitionManger.swift */,
				F76335EE2230DC1C007EABD2 /* PopBaseViewController.swift */,
				F76335EF2230DC1C007EABD2 /* CurrentModelContontroller.swift */,
			);
			path = pop;
			sourceTree = "<group>";
		};
		F76335F22230DC1C007EABD2 /* http */ = {
			isa = PBXGroup;
			children = (
				F76335F32230DC1C007EABD2 /* RequestOperation.swift */,
				F76335F42230DC1C007EABD2 /* ReadFileManager.swift */,
				F76335F52230DC1C007EABD2 /* RequestConfig.swift */,
				F76335F62230DC1C007EABD2 /* RelationFileKey.swift */,
				F76335F72230DC1C007EABD2 /* HttpParamterModel.swift */,
			);
			path = http;
			sourceTree = "<group>";
		};
		F76335F82230DC1C007EABD2 /* model */ = {
			isa = PBXGroup;
			children = (
				F76335F92230DC1C007EABD2 /* BaseModel.swift */,
				F763361B2230F12F007EABD2 /* PersonList.plist */,
				F763361D2230F34C007EABD2 /* Person.plist */,
			);
			path = model;
			sourceTree = "<group>";
		};
		F76335FA2230DC1C007EABD2 /* view */ = {
			isa = PBXGroup;
			children = (
				F76335FB2230DC1C007EABD2 /* FMBaseCollectionView.swift */,
				F76335FC2230DC1C007EABD2 /* FMScrollView.swift */,
				F76335FD2230DC1C007EABD2 /* BlurModelView.swift */,
				F76335FE2230DC1C007EABD2 /* FMBaseTableView.swift */,
			);
			path = view;
			sourceTree = "<group>";
		};
		F76335FF2230DC1C007EABD2 /* extenstion */ = {
			isa = PBXGroup;
			children = (
				F76336002230DC1C007EABD2 /* DefineSwiftFunc.swift */,
				F76336012230DC1C007EABD2 /* ExtensionView.swift */,
				F76336022230DC1C007EABD2 /* AppDelegateExtenstion.swift */,
				F76336032230DC1C007EABD2 /* AppExtenConfig.swift */,
			);
			path = extenstion;
			sourceTree = "<group>";
		};
		F76336042230DC1C007EABD2 /* caches */ = {
			isa = PBXGroup;
			children = (
				F76336052230DC1C007EABD2 /* DataBaseManager.swift */,
			);
			path = caches;
			sourceTree = "<group>";
		};
/* End PBXGroup section */

/* Begin PBXNativeTarget section */
		F76335D42230DBDD007EABD2 /* TableEdit */ = {
			isa = PBXNativeTarget;
			buildConfigurationList = F76335E72230DBDE007EABD2 /* Build configuration list for PBXNativeTarget "TableEdit" */;
			buildPhases = (
				F76335D12230DBDD007EABD2 /* Sources */,
				F76335D22230DBDD007EABD2 /* Frameworks */,
				F76335D32230DBDD007EABD2 /* Resources */,
			);
			buildRules = (
			);
			dependencies = (
			);
			name = TableEdit;
			productName = TableEdit;
			productReference = F76335D52230DBDD007EABD2 /* TableEdit.app */;
			productType = "com.apple.product-type.application";
		};
/* End PBXNativeTarget section */

/* Begin PBXProject section */
		F76335CD2230DBDD007EABD2 /* Project object */ = {
			isa = PBXProject;
			attributes = {
				LastSwiftUpdateCheck = 1010;
				LastUpgradeCheck = 1010;
				ORGANIZATIONNAME = yaojinhai;
				TargetAttributes = {
					F76335D42230DBDD007EABD2 = {
						CreatedOnToolsVersion = 10.1;
					};
				};
			};
			buildConfigurationList = F76335D02230DBDD007EABD2 /* Build configuration list for PBXProject "TableEdit" */;
			compatibilityVersion = "Xcode 9.3";
			developmentRegion = en;
			hasScannedForEncodings = 0;
			knownRegions = (
				en,
				Base,
			);
			mainGroup = F76335CC2230DBDD007EABD2;
			productRefGroup = F76335D62230DBDD007EABD2 /* Products */;
			projectDirPath = "";
			projectRoot = "";
			targets = (
				F76335D42230DBDD007EABD2 /* TableEdit */,
			);
		};
/* End PBXProject section */

/* Begin PBXResourcesBuildPhase section */
		F76335D32230DBDD007EABD2 /* Resources */ = {
			isa = PBXResourcesBuildPhase;
			buildActionMask = 2147483647;
			files = (
				F76335E32230DBDE007EABD2 /* LaunchScreen.storyboard in Resources */,
				F763361E2230F34C007EABD2 /* Person.plist in Resources */,
				F763361C2230F12F007EABD2 /* PersonList.plist in Resources */,
				F76335E02230DBDE007EABD2 /* Assets.xcassets in Resources */,
				F76335DE2230DBDD007EABD2 /* Main.storyboard in Resources */,
			);
			runOnlyForDeploymentPostprocessing = 0;
		};
/* End PBXResourcesBuildPhase section */

/* Begin PBXSourcesBuildPhase section */
		F76335D12230DBDD007EABD2 /* Sources */ = {
			isa = PBXSourcesBuildPhase;
			buildActionMask = 2147483647;
			files = (
				F76336142230DC1C007EABD2 /* FMBaseTableView.swift in Sources */,
				F76336122230DC1C007EABD2 /* FMScrollView.swift in Sources */,
				F763360E2230DC1C007EABD2 /* RelationFileKey.swift in Sources */,
				F763360C2230DC1C007EABD2 /* ReadFileManager.swift in Sources */,
				F76336082230DC1C007EABD2 /* CurrentModelContontroller.swift in Sources */,
				F76336182230DC1C007EABD2 /* AppExtenConfig.swift in Sources */,
				F76336102230DC1C007EABD2 /* BaseModel.swift in Sources */,
				F76335DB2230DBDD007EABD2 /* ViewController.swift in Sources */,
				F76336172230DC1C007EABD2 /* AppDelegateExtenstion.swift in Sources */,
				F76336062230DC1C007EABD2 /* TransitionManger.swift in Sources */,
				F76336192230DC1C007EABD2 /* DataBaseManager.swift in Sources */,
				F763360B2230DC1C007EABD2 /* RequestOperation.swift in Sources */,
				F763360D2230DC1C007EABD2 /* RequestConfig.swift in Sources */,
				F76336152230DC1C007EABD2 /* DefineSwiftFunc.swift in Sources */,
				F763360A2230DC1C007EABD2 /* JHSBaseViewController.swift in Sources */,
				F76335D92230DBDD007EABD2 /* AppDelegate.swift in Sources */,
				F76336162230DC1C007EABD2 /* ExtensionView.swift in Sources */,
				F76336112230DC1C007EABD2 /* FMBaseCollectionView.swift in Sources */,
				F76336092230DC1C007EABD2 /* BaseController.swift in Sources */,
				F76336072230DC1C007EABD2 /* PopBaseViewController.swift in Sources */,
				F76336202230F9C5007EABD2 /* AddPersonViewController.swift in Sources */,
				F763360F2230DC1C007EABD2 /* HttpParamterModel.swift in Sources */,
				F76336132230DC1C007EABD2 /* BlurModelView.swift in Sources */,
			);
			runOnlyForDeploymentPostprocessing = 0;
		};
/* End PBXSourcesBuildPhase section */

/* Begin PBXVariantGroup section */
		F76335DC2230DBDD007EABD2 /* Main.storyboard */ = {
			isa = PBXVariantGroup;
			children = (
				F76335DD2230DBDD007EABD2 /* Base */,
			);
			name = Main.storyboard;
			sourceTree = "<group>";
		};
		F76335E12230DBDE007EABD2 /* LaunchScreen.storyboard */ = {
			isa = PBXVariantGroup;
			children = (
				F76335E22230DBDE007EABD2 /* Base */,
			);
			name = LaunchScreen.storyboard;
			sourceTree = "<group>";
		};
/* End PBXVariantGroup section */

/* Begin XCBuildConfiguration section */
		F76335E52230DBDE007EABD2 /* Debug */ = {
			isa = XCBuildConfiguration;
			buildSettings = {
				ALWAYS_SEARCH_USER_PATHS = NO;
				CLANG_ANALYZER_NONNULL = YES;
				CLANG_ANALYZER_NUMBER_OBJECT_CONVERSION = YES_AGGRESSIVE;
				CLANG_CXX_LANGUAGE_STANDARD = "gnu++14";
				CLANG_CXX_LIBRARY = "libc++";
				CLANG_ENABLE_MODULES = YES;
				CLANG_ENABLE_OBJC_ARC = YES;
				CLANG_ENABLE_OBJC_WEAK = YES;
				CLANG_WARN_BLOCK_CAPTURE_AUTORELEASING = YES;
				CLANG_WARN_BOOL_CONVERSION = YES;
				CLANG_WARN_COMMA = YES;
				CLANG_WARN_CONSTANT_CONVERSION = YES;
				CLANG_WARN_DEPRECATED_OBJC_IMPLEMENTATIONS = YES;
				CLANG_WARN_DIRECT_OBJC_ISA_USAGE = YES_ERROR;
				CLANG_WARN_DOCUMENTATION_COMMENTS = YES;
				CLANG_WARN_EMPTY_BODY = YES;
				CLANG_WARN_ENUM_CONVERSION = YES;
				CLANG_WARN_INFINITE_RECURSION = YES;
				CLANG_WARN_INT_CONVERSION = YES;
				CLANG_WARN_NON_LITERAL_NULL_CONVERSION = YES;
				CLANG_WARN_OBJC_IMPLICIT_RETAIN_SELF = YES;
				CLANG_WARN_OBJC_LITERAL_CONVERSION = YES;
				CLANG_WARN_OBJC_ROOT_CLASS = YES_ERROR;
				CLANG_WARN_RANGE_LOOP_ANALYSIS = YES;
				CLANG_WARN_STRICT_PROTOTYPES = YES;
				CLANG_WARN_SUSPICIOUS_MOVE = YES;
				CLANG_WARN_UNGUARDED_AVAILABILITY = YES_AGGRESSIVE;
				CLANG_WARN_UNREACHABLE_CODE = YES;
				CLANG_WARN__DUPLICATE_METHOD_MATCH = YES;
				CODE_SIGN_IDENTITY = "iPhone Developer";
				COPY_PHASE_STRIP = NO;
				DEBUG_INFORMATION_FORMAT = dwarf;
				ENABLE_STRICT_OBJC_MSGSEND = YES;
				ENABLE_TESTABILITY = YES;
				GCC_C_LANGUAGE_STANDARD = gnu11;
				GCC_DYNAMIC_NO_PIC = NO;
				GCC_NO_COMMON_BLOCKS = YES;
				GCC_OPTIMIZATION_LEVEL = 0;
				GCC_PREPROCESSOR_DEFINITIONS = (
					"DEBUG=1",
					"$(inherited)",
				);
				GCC_WARN_64_TO_32_BIT_CONVERSION = YES;
				GCC_WARN_ABOUT_RETURN_TYPE = YES_ERROR;
				GCC_WARN_UNDECLARED_SELECTOR = YES;
				GCC_WARN_UNINITIALIZED_AUTOS = YES_AGGRESSIVE;
				GCC_WARN_UNUSED_FUNCTION = YES;
				GCC_WARN_UNUSED_VARIABLE = YES;
				IPHONEOS_DEPLOYMENT_TARGET = 12.1;
				MTL_ENABLE_DEBUG_INFO = INCLUDE_SOURCE;
				MTL_FAST_MATH = YES;
				ONLY_ACTIVE_ARCH = YES;
				SDKROOT = iphoneos;
				SWIFT_ACTIVE_COMPILATION_CONDITIONS = DEBUG;
				SWIFT_OPTIMIZATION_LEVEL = "-Onone";
			};
			name = Debug;
		};
		F76335E62230DBDE007EABD2 /* Release */ = {
			isa = XCBuildConfiguration;
			buildSettings = {
				ALWAYS_SEARCH_USER_PATHS = NO;
				CLANG_ANALYZER_NONNULL = YES;
				CLANG_ANALYZER_NUMBER_OBJECT_CONVERSION = YES_AGGRESSIVE;
				CLANG_CXX_LANGUAGE_STANDARD = "gnu++14";
				CLANG_CXX_LIBRARY = "libc++";
				CLANG_ENABLE_MODULES = YES;
				CLANG_ENABLE_OBJC_ARC = YES;
				CLANG_ENABLE_OBJC_WEAK = YES;
				CLANG_WARN_BLOCK_CAPTURE_AUTORELEASING = YES;
				CLANG_WARN_BOOL_CONVERSION = YES;
				CLANG_WARN_COMMA = YES;
				CLANG_WARN_CONSTANT_CONVERSION = YES;
				CLANG_WARN_DEPRECATED_OBJC_IMPLEMENTATIONS = YES;
				CLANG_WARN_DIRECT_OBJC_ISA_USAGE = YES_ERROR;
				CLANG_WARN_DOCUMENTATION_COMMENTS = YES;
				CLANG_WARN_EMPTY_BODY = YES;
				CLANG_WARN_ENUM_CONVERSION = YES;
				CLANG_WARN_INFINITE_RECURSION = YES;
				CLANG_WARN_INT_CONVERSION = YES;
				CLANG_WARN_NON_LITERAL_NULL_CONVERSION = YES;
				CLANG_WARN_OBJC_IMPLICIT_RETAIN_SELF = YES;
				CLANG_WARN_OBJC_LITERAL_CONVERSION = YES;
				CLANG_WARN_OBJC_ROOT_CLASS = YES_ERROR;
				CLANG_WARN_RANGE_LOOP_ANALYSIS = YES;
				CLANG_WARN_STRICT_PROTOTYPES = YES;
				CLANG_WARN_SUSPICIOUS_MOVE = YES;
				CLANG_WARN_UNGUARDED_AVAILABILITY = YES_AGGRESSIVE;
				CLANG_WARN_UNREACHABLE_CODE = YES;
				CLANG_WARN__DUPLICATE_METHOD_MATCH = YES;
				CODE_SIGN_IDENTITY = "iPhone Developer";
				COPY_PHASE_STRIP = NO;
				DEBUG_INFORMATION_FORMAT = "dwarf-with-dsym";
				ENABLE_NS_ASSERTIONS = NO;
				ENABLE_STRICT_OBJC_MSGSEND = YES;
				GCC_C_LANGUAGE_STANDARD = gnu11;
				GCC_NO_COMMON_BLOCKS = YES;
				GCC_WARN_64_TO_32_BIT_CONVERSION = YES;
				GCC_WARN_ABOUT_RETURN_TYPE = YES_ERROR;
				GCC_WARN_UNDECLARED_SELECTOR = YES;
				GCC_WARN_UNINITIALIZED_AUTOS = YES_AGGRESSIVE;
				GCC_WARN_UNUSED_FUNCTION = YES;
				GCC_WARN_UNUSED_VARIABLE = YES;
				IPHONEOS_DEPLOYMENT_TARGET = 12.1;
				MTL_ENABLE_DEBUG_INFO = NO;
				MTL_FAST_MATH = YES;
				SDKROOT = iphoneos;
				SWIFT_COMPILATION_MODE = wholemodule;
				SWIFT_OPTIMIZATION_LEVEL = "-O";
				VALIDATE_PRODUCT = YES;
			};
			name = Release;
		};
		F76335E82230DBDE007EABD2 /* Debug */ = {
			isa = XCBuildConfiguration;
			buildSettings = {
				ASSETCATALOG_COMPILER_APPICON_NAME = AppIcon;
				CODE_SIGN_STYLE = Automatic;
				DEVELOPMENT_TEAM = FD48428QD7;
				INFOPLIST_FILE = TableEdit/Info.plist;
				LD_RUNPATH_SEARCH_PATHS = (
					"$(inherited)",
					"@executable_path/Frameworks",
				);
				PRODUCT_BUNDLE_IDENTIFIER = com.huoyuan.TableEdit;
				PRODUCT_NAME = "$(TARGET_NAME)";
				SWIFT_OBJC_BRIDGING_HEADER = "/Users/yaojinhai/Desktop/TableEdit/TableEdit/Swift-Header.h";
				SWIFT_VERSION = 4.2;
				TARGETED_DEVICE_FAMILY = "1,2";
			};
			name = Debug;
		};
		F76335E92230DBDE007EABD2 /* Release */ = {
			isa = XCBuildConfiguration;
			buildSettings = {
				ASSETCATALOG_COMPILER_APPICON_NAME = AppIcon;
				CODE_SIGN_STYLE = Automatic;
				DEVELOPMENT_TEAM = FD48428QD7;
				INFOPLIST_FILE = TableEdit/Info.plist;
				LD_RUNPATH_SEARCH_PATHS = (
					"$(inherited)",
					"@executable_path/Frameworks",
				);
				PRODUCT_BUNDLE_IDENTIFIER = com.huoyuan.TableEdit;
				PRODUCT_NAME = "$(TARGET_NAME)";
				SWIFT_OBJC_BRIDGING_HEADER = "/Users/yaojinhai/Desktop/TableEdit/TableEdit/Swift-Header.h";
				SWIFT_VERSION = 4.2;
				TARGETED_DEVICE_FAMILY = "1,2";
			};
			name = Release;
		};
/* End XCBuildConfiguration section */

/* Begin XCConfigurationList section */
		F76335D02230DBDD007EABD2 /* Build configuration list for PBXProject "TableEdit" */ = {
			isa = XCConfigurationList;
			buildConfigurations = (
				F76335E52230DBDE007EABD2 /* Debug */,
				F76335E62230DBDE007EABD2 /* Release */,
			);
			defaultConfigurationIsVisible = 0;
			defaultConfigurationName = Release;
		};
		F76335E72230DBDE007EABD2 /* Build configuration list for PBXNativeTarget "TableEdit" */ = {
			isa = XCConfigurationList;
			buildConfigurations = (
				F76335E82230DBDE007EABD2 /* Debug */,
				F76335E92230DBDE007EABD2 /* Release */,
			);
			defaultConfigurationIsVisible = 0;
			defaultConfigurationName = Release;
		};
/* End XCConfigurationList section */
	};
	rootObject = F76335CD2230DBDD007EABD2 /* Project object */;
}
